
Microsoft Visual Studio Solution File, Format Version 12.00
# Visual Studio Version 17
VisualStudioVersion = 17.5.2.0
MinimumVisualStudioVersion = 10.0.40219.1
Project("{FAE04EC0-301F-11D3-BF4B-00C04F79EFBC}") = "Zad4", "Zad4\Zad4.csproj", "{5ABCED42-06EC-E812-7135-44D5FC53298C}"
EndProject
Project("{FAE04EC0-301F-11D3-BF4B-00C04F79EFBC}") = "Zad5", "..\Zadanie5\Zad5\Zad5.csproj", "{974ABFE8-A9F8-4D50-8512-DA7558D4ADFF}"
EndProject
Global
	GlobalSection(SolutionConfigurationPlatforms) = preSolution
		Debug|Any CPU = Debug|Any CPU
		Debug|x64 = Debug|x64
		Debug|x86 = Debug|x86
		Release|Any CPU = Release|Any CPU
		Release|x64 = Release|x64
		Release|x86 = Release|x86
	EndGlobalSection
	GlobalSection(ProjectConfigurationPlatforms) = postSolution
		{5ABCED42-06EC-E812-7135-44D5FC53298C}.Debug|Any CPU.ActiveCfg = Debug|Any CPU
		{5ABCED42-06EC-E812-7135-44D5FC53298C}.Debug|Any CPU.Build.0 = Debug|Any CPU
		{5ABCED42-06EC-E812-7135-44D5FC53298C}.Debug|x64.ActiveCfg = Debug|Any CPU
		{5ABCED42-06EC-E812-7135-44D5FC53298C}.Debug|x64.Build.0 = Debug|Any CPU
		{5ABCED42-06EC-E812-7135-44D5FC53298C}.Debug|x86.ActiveCfg = Debug|Any CPU
		{5ABCED42-06EC-E812-7135-44D5FC53298C}.Debug|x86.Build.0 = Debug|Any CPU
		{5ABCED42-06EC-E812-7135-44D5FC53298C}.Release|Any CPU.ActiveCfg = Release|Any CPU
		{5ABCED42-06EC-E812-7135-44D5FC53298C}.Release|Any CPU.Build.0 = Release|Any CPU
		{5ABCED42-06EC-E812-7135-44D5FC53298C}.Release|x64.ActiveCfg = Release|Any CPU
		{5ABCED42-06EC-E812-7135-44D5FC53298C}.Release|x64.Build.0 = Release|Any CPU
		{5ABCED42-06EC-E812-7135-44D5FC53298C}.Release|x86.ActiveCfg = Release|Any CPU
		{5ABCED42-06EC-E812-7135-44D5FC53298C}.Release|x86.Build.0 = Release|Any CPU
		{974ABFE8-A9F8-4D50-8512-DA7558D4ADFF}.Debug|Any CPU.ActiveCfg = Debug|Any CPU
		{974ABFE8-A9F8-4D50-8512-DA7558D4ADFF}.Debug|Any CPU.Build.0 = Debug|Any CPU
		{974ABFE8-A9F8-4D50-8512-DA7558D4ADFF}.Debug|x64.ActiveCfg = Debug|Any CPU
		{974ABFE8-A9F8-4D50-8512-DA7558D4ADFF}.Debug|x64.Build.0 = Debug|Any CPU
		{974ABFE8-A9F8-4D50-8512-DA7558D4ADFF}.Debug|x86.ActiveCfg = Debug|Any CPU
		{974ABFE8-A9F8-4D50-8512-DA7558D4ADFF}.Debug|x86.Build.0 = Debug|Any CPU
		{974ABFE8-A9F8-4D50-8512-DA7558D4ADFF}.Release|Any CPU.ActiveCfg = Release|Any CPU
		{974ABFE8-A9F8-4D50-8512-DA7558D4ADFF}.Release|Any CPU.Build.0 = Release|Any CPU
		{974ABFE8-A9F8-4D50-8512-DA7558D4ADFF}.Release|x64.ActiveCfg = Release|Any CPU
		{974ABFE8-A9F8-4D50-8512-DA7558D4ADFF}.Release|x64.Build.0 = Release|Any CPU
		{974ABFE8-A9F8-4D50-8512-DA7558D4ADFF}.Release|x86.ActiveCfg = Release|Any CPU
		{974ABFE8-A9F8-4D50-8512-DA7558D4ADFF}.Release|x86.Build.0 = Release|Any CPU
	EndGlobalSection
	GlobalSection(SolutionProperties) = preSolution
		HideSolutionNode = FALSE
	EndGlobalSection
	GlobalSection(ExtensibilityGlobals) = postSolution
		SolutionGuid = {07D1D71E-2857-4741-9733-969D73CA90E1}
	EndGlobalSection
EndGlobal
